
Microsoft Visual Studio Solution File, Format Version 12.00
# Visual Studio 2013
VisualStudioVersion = 12.0.30723.0
MinimumVisualStudioVersion = 10.0.40219.1
Project("{FAE04EC0-301F-11D3-BF4B-00C04F79EFBC}") = "Source.Plugins", "Source.Plugins\Source.Plugins.csproj", "{155443C7-7F0D-448F-B427-7D48F0F6F2E4}"
EndProject
Project("{2150E333-8FDC-42A3-9474-1A3956D46DE8}") = "_libs", "_libs", "{87FC8ADA-D287-4042-8BF6-A7A94282F3F4}"
	ProjectSection(SolutionItems) = preProject
		_libs\Microsoft.Crm.Sdk.Proxy.dll = _libs\Microsoft.Crm.Sdk.Proxy.dll
		_libs\Microsoft.Xrm.Sdk.dll = _libs\Microsoft.Xrm.Sdk.dll
	EndProjectSection
EndProject
Global
	GlobalSection(TeamFoundationVersionControl) = preSolution
		SccNumberOfProjects = 2
		SccEnterpriseProvider = {4CA58AB2-18FA-4F8D-95D4-32DDF27D184C}
		SccTeamFoundationServer = https://tfs.codeplex.com/tfs/tfs09
		SccLocalPath0 = .
		SccProjectUniqueName1 = Source.Plugins\\Source.Plugins.csproj
		SccProjectName1 = Source.Plugins
		SccLocalPath1 = Source.Plugins
	EndGlobalSection
	GlobalSection(SolutionConfigurationPlatforms) = preSolution
		Debug|Any CPU = Debug|Any CPU
		Release|Any CPU = Release|Any CPU
	EndGlobalSection
	GlobalSection(ProjectConfigurationPlatforms) = postSolution
		{155443C7-7F0D-448F-B427-7D48F0F6F2E4}.Debug|Any CPU.ActiveCfg = Debug|Any CPU
		{155443C7-7F0D-448F-B427-7D48F0F6F2E4}.Debug|Any CPU.Build.0 = Debug|Any CPU
		{155443C7-7F0D-448F-B427-7D48F0F6F2E4}.Release|Any CPU.ActiveCfg = Release|Any CPU
		{155443C7-7F0D-448F-B427-7D48F0F6F2E4}.Release|Any CPU.Build.0 = Release|Any CPU
	EndGlobalSection
	GlobalSection(SolutionProperties) = preSolution
		HideSolutionNode = FALSE
	EndGlobalSection
EndGlobal
